
Microsoft Visual Studio Solution File, Format Version 12.00
# Visual Studio Version 17
VisualStudioVersion = 17.10.35122.118
MinimumVisualStudioVersion = 10.0.40219.1
Project("{FAE04EC0-301F-11D3-BF4B-00C04F79EFBC}") = "Gerador De Senha", "Gerador De Senha\Gerador De Senha.csproj", "{D4B080CC-CBC9-4D33-865F-A33DB4E53A8A}"
EndProject
Global
	GlobalSection(SolutionConfigurationPlatforms) = preSolution
		Debug|Any CPU = Debug|Any CPU
		Release|Any CPU = Release|Any CPU
	EndGlobalSection
	GlobalSection(ProjectConfigurationPlatforms) = postSolution
		{D4B080CC-CBC9-4D33-865F-A33DB4E53A8A}.Debug|Any CPU.ActiveCfg = Debug|Any CPU
		{D4B080CC-CBC9-4D33-865F-A33DB4E53A8A}.Debug|Any CPU.Build.0 = Debug|Any CPU
		{D4B080CC-CBC9-4D33-865F-A33DB4E53A8A}.Release|Any CPU.ActiveCfg = Release|Any CPU
		{D4B080CC-CBC9-4D33-865F-A33DB4E53A8A}.Release|Any CPU.Build.0 = Release|Any CPU
	EndGlobalSection
	GlobalSection(SolutionProperties) = preSolution
		HideSolutionNode = FALSE
	EndGlobalSection
	GlobalSection(ExtensibilityGlobals) = postSolution
		SolutionGuid = {8A29406D-FDB5-418C-98EC-3BF0B822B7A4}
	EndGlobalSection
EndGlobal
